# This file is autogenerated, do not edit; changes may be undone by the next 'dep ensure'.


[[projects]]
  branch = "master"
  digest = "1:84316faef4ea12d34dde3b3e6dab682715a23b1c2bb8ab82cec9ab619766e214"
  name = "golang.org/x/tools"
  packages = [
    "go/ast/astutil",
    "go/ssa",
    "go/types/typeutil",
  ]
  pruneopts = "UT"
  revision = "3e7aa9e59977626dc60433e9aeadf1bb63d28295"

[[projects]]
  branch = "master"
  digest = "1:3611159788efdd4e0cfae18b6ebcccbad25a2815968b0e4323b42647d201031a"
  name = "tinygo.org/x/go-llvm"
  packages = ["."]
  pruneopts = "UT"
  revision = "f420620d1a0f54417a5712260153fe861780d030"

[solve-meta]
  analyzer-name = "dep"
  analyzer-version = 1
  input-imports = [
    "golang.org/x/tools/go/ssa",
    "tinygo.org/x/go-llvm",
  ]
  solver-name = "gps-cdcl"
  solver-version = 1
